// !$*UTF8*$!
{
	archiveVersion = 1;
	classes = {
	};
	objectVersion = 55;
	objects = {

/* Begin PBXBuildFile section */
		BD7487E227A44866008731B8 /* FunctionElement.swift in Sources */ = {isa = PBXBuildFile; fileRef = BD7487E127A44866008731B8 /* FunctionElement.swift */; };
		BD7487E327A44866008731B8 /* FunctionElement.swift in Sources */ = {isa = PBXBuildFile; fileRef = BD7487E127A44866008731B8 /* FunctionElement.swift */; };
		BD7487E527A6843C008731B8 /* AnimateExample.swift in Sources */ = {isa = PBXBuildFile; fileRef = BD7487E427A6843C008731B8 /* AnimateExample.swift */; };
		BD7487E627A6843C008731B8 /* AnimateExample.swift in Sources */ = {isa = PBXBuildFile; fileRef = BD7487E427A6843C008731B8 /* AnimateExample.swift */; };
		BD7487E927A6A206008731B8 /* Button.swift in Sources */ = {isa = PBXBuildFile; fileRef = BD7487E827A6A206008731B8 /* Button.swift */; };
		BD7487EA27A6A206008731B8 /* Button.swift in Sources */ = {isa = PBXBuildFile; fileRef = BD7487E827A6A206008731B8 /* Button.swift */; };
		BD7487EF27A6D963008731B8 /* LabExample.swift in Sources */ = {isa = PBXBuildFile; fileRef = BD7487EE27A6D963008731B8 /* LabExample.swift */; };
		BD7487F027A6D963008731B8 /* LabExample.swift in Sources */ = {isa = PBXBuildFile; fileRef = BD7487EE27A6D963008731B8 /* LabExample.swift */; };
		BD7487F427A6EEFE008731B8 /* DataFlowExample.swift in Sources */ = {isa = PBXBuildFile; fileRef = BD7487F327A6EEFE008731B8 /* DataFlowExample.swift */; };
		BD7487F527A6EEFE008731B8 /* DataFlowExample.swift in Sources */ = {isa = PBXBuildFile; fileRef = BD7487F327A6EEFE008731B8 /* DataFlowExample.swift */; };
		BD7487FA27AD5EFA008731B8 /* ThirdPartLibExample.swift in Sources */ = {isa = PBXBuildFile; fileRef = BD7487F927AD5EFA008731B8 /* ThirdPartLibExample.swift */; };
		BDC00A0227A1475F00B9C2DE /* ViewExtension.swift in Sources */ = {isa = PBXBuildFile; fileRef = BDC00A0127A1475F00B9C2DE /* ViewExtension.swift */; };
		BDC00A0327A1475F00B9C2DE /* ViewExtension.swift in Sources */ = {isa = PBXBuildFile; fileRef = BDC00A0127A1475F00B9C2DE /* ViewExtension.swift */; };
		BDCEF7E4279DA8ED008EAF50 /* SwiftUITipApp.swift in Sources */ = {isa = PBXBuildFile; fileRef = BDCEF7D4279DA8EC008EAF50 /* SwiftUITipApp.swift */; };
		BDCEF7E5279DA8ED008EAF50 /* SwiftUITipApp.swift in Sources */ = {isa = PBXBuildFile; fileRef = BDCEF7D4279DA8EC008EAF50 /* SwiftUITipApp.swift */; };
		BDCEF7E6279DA8ED008EAF50 /* ContentView.swift in Sources */ = {isa = PBXBuildFile; fileRef = BDCEF7D5279DA8EC008EAF50 /* ContentView.swift */; };
		BDCEF7E7279DA8ED008EAF50 /* ContentView.swift in Sources */ = {isa = PBXBuildFile; fileRef = BDCEF7D5279DA8EC008EAF50 /* ContentView.swift */; };
		BDCEF7E8279DA8ED008EAF50 /* Assets.xcassets in Resources */ = {isa = PBXBuildFile; fileRef = BDCEF7D6279DA8ED008EAF50 /* Assets.xcassets */; };
		BDCEF7E9279DA8ED008EAF50 /* Assets.xcassets in Resources */ = {isa = PBXBuildFile; fileRef = BDCEF7D6279DA8ED008EAF50 /* Assets.xcassets */; };
		BDCEF7F4279DA947008EAF50 /* ColorExtension.swift in Sources */ = {isa = PBXBuildFile; fileRef = BDCEF7F3279DA947008EAF50 /* ColorExtension.swift */; };
		BDCEF7F5279DA947008EAF50 /* ColorExtension.swift in Sources */ = {isa = PBXBuildFile; fileRef = BDCEF7F3279DA947008EAF50 /* ColorExtension.swift */; };
		BDCEF7FE279DA94F008EAF50 /* DataFlowSection.swift in Sources */ = {isa = PBXBuildFile; fileRef = BDCEF7F7279DA94F008EAF50 /* DataFlowSection.swift */; };
		BDCEF7FF279DA94F008EAF50 /* DataFlowSection.swift in Sources */ = {isa = PBXBuildFile; fileRef = BDCEF7F7279DA94F008EAF50 /* DataFlowSection.swift */; };
		BDCEF802279DA94F008EAF50 /* ThirdPartLibSection.swift in Sources */ = {isa = PBXBuildFile; fileRef = BDCEF7F9279DA94F008EAF50 /* ThirdPartLibSection.swift */; };
		BDCEF803279DA94F008EAF50 /* ThirdPartLibSection.swift in Sources */ = {isa = PBXBuildFile; fileRef = BDCEF7F9279DA94F008EAF50 /* ThirdPartLibSection.swift */; };
		BDCEF804279DA94F008EAF50 /* SystemElementSection.swift in Sources */ = {isa = PBXBuildFile; fileRef = BDCEF7FA279DA94F008EAF50 /* SystemElementSection.swift */; };
		BDCEF805279DA94F008EAF50 /* SystemElementSection.swift in Sources */ = {isa = PBXBuildFile; fileRef = BDCEF7FA279DA94F008EAF50 /* SystemElementSection.swift */; };
		BDCEF806279DA94F008EAF50 /* BasicsElement.swift in Sources */ = {isa = PBXBuildFile; fileRef = BDCEF7FC279DA94F008EAF50 /* BasicsElement.swift */; };
		BDCEF807279DA94F008EAF50 /* BasicsElement.swift in Sources */ = {isa = PBXBuildFile; fileRef = BDCEF7FC279DA94F008EAF50 /* BasicsElement.swift */; };
		BDCEF808279DA94F008EAF50 /* LayoutElement.swift in Sources */ = {isa = PBXBuildFile; fileRef = BDCEF7FD279DA94F008EAF50 /* LayoutElement.swift */; };
		BDCEF809279DA94F008EAF50 /* LayoutElement.swift in Sources */ = {isa = PBXBuildFile; fileRef = BDCEF7FD279DA94F008EAF50 /* LayoutElement.swift */; };
/* End PBXBuildFile section */

/* Begin PBXFileReference section */
		BD7487E127A44866008731B8 /* FunctionElement.swift */ = {isa = PBXFileReference; lastKnownFileType = sourcecode.swift; path = FunctionElement.swift; sourceTree = "<group>"; };
		BD7487E427A6843C008731B8 /* AnimateExample.swift */ = {isa = PBXFileReference; lastKnownFileType = sourcecode.swift; path = AnimateExample.swift; sourceTree = "<group>"; };
		BD7487E827A6A206008731B8 /* Button.swift */ = {isa = PBXFileReference; lastKnownFileType = sourcecode.swift; path = Button.swift; sourceTree = "<group>"; };
		BD7487EE27A6D963008731B8 /* LabExample.swift */ = {isa = PBXFileReference; lastKnownFileType = sourcecode.swift; path = LabExample.swift; sourceTree = "<group>"; };
		BD7487F327A6EEFE008731B8 /* DataFlowExample.swift */ = {isa = PBXFileReference; lastKnownFileType = sourcecode.swift; path = DataFlowExample.swift; sourceTree = "<group>"; };
		BD7487F927AD5EFA008731B8 /* ThirdPartLibExample.swift */ = {isa = PBXFileReference; lastKnownFileType = sourcecode.swift; path = ThirdPartLibExample.swift; sourceTree = "<group>"; };
		BDC00A0127A1475F00B9C2DE /* ViewExtension.swift */ = {isa = PBXFileReference; lastKnownFileType = sourcecode.swift; path = ViewExtension.swift; sourceTree = "<group>"; };
		BDCEF7D4279DA8EC008EAF50 /* SwiftUITipApp.swift */ = {isa = PBXFileReference; lastKnownFileType = sourcecode.swift; path = SwiftUITipApp.swift; sourceTree = "<group>"; };
		BDCEF7D5279DA8EC008EAF50 /* ContentView.swift */ = {isa = PBXFileReference; lastKnownFileType = sourcecode.swift; path = ContentView.swift; sourceTree = "<group>"; };
		BDCEF7D6279DA8ED008EAF50 /* Assets.xcassets */ = {isa = PBXFileReference; lastKnownFileType = folder.assetcatalog; path = Assets.xcassets; sourceTree = "<group>"; };
		BDCEF7DB279DA8ED008EAF50 /* SwiftUITip.app */ = {isa = PBXFileReference; explicitFileType = wrapper.application; includeInIndex = 0; path = SwiftUITip.app; sourceTree = BUILT_PRODUCTS_DIR; };
		BDCEF7E1279DA8ED008EAF50 /* SwiftUITip.app */ = {isa = PBXFileReference; explicitFileType = wrapper.application; includeInIndex = 0; path = SwiftUITip.app; sourceTree = BUILT_PRODUCTS_DIR; };
		BDCEF7E3279DA8ED008EAF50 /* macOS.entitlements */ = {isa = PBXFileReference; lastKnownFileType = text.plist.entitlements; path = macOS.entitlements; sourceTree = "<group>"; };
		BDCEF7F3279DA947008EAF50 /* ColorExtension.swift */ = {isa = PBXFileReference; fileEncoding = 4; lastKnownFileType = sourcecode.swift; path = ColorExtension.swift; sourceTree = "<group>"; };
		BDCEF7F7279DA94F008EAF50 /* DataFlowSection.swift */ = {isa = PBXFileReference; fileEncoding = 4; lastKnownFileType = sourcecode.swift; path = DataFlowSection.swift; sourceTree = "<group>"; };
		BDCEF7F9279DA94F008EAF50 /* ThirdPartLibSection.swift */ = {isa = PBXFileReference; fileEncoding = 4; lastKnownFileType = sourcecode.swift; path = ThirdPartLibSection.swift; sourceTree = "<group>"; };
		BDCEF7FA279DA94F008EAF50 /* SystemElementSection.swift */ = {isa = PBXFileReference; fileEncoding = 4; lastKnownFileType = sourcecode.swift; path = SystemElementSection.swift; sourceTree = "<group>"; };
		BDCEF7FC279DA94F008EAF50 /* BasicsElement.swift */ = {isa = PBXFileReference; fileEncoding = 4; lastKnownFileType = sourcecode.swift; path = BasicsElement.swift; sourceTree = "<group>"; };
		BDCEF7FD279DA94F008EAF50 /* LayoutElement.swift */ = {isa = PBXFileReference; fileEncoding = 4; lastKnownFileType = sourcecode.swift; path = LayoutElement.swift; sourceTree = "<group>"; };
/* End PBXFileReference section */

/* Begin PBXFrameworksBuildPhase section */
		BDCEF7D8279DA8ED008EAF50 /* Frameworks */ = {
			isa = PBXFrameworksBuildPhase;
			buildActionMask = 2147483647;
			files = (
			);
			runOnlyForDeploymentPostprocessing = 0;
		};
		BDCEF7DE279DA8ED008EAF50 /* Frameworks */ = {
			isa = PBXFrameworksBuildPhase;
			buildActionMask = 2147483647;
			files = (
			);
			runOnlyForDeploymentPostprocessing = 0;
		};
/* End PBXFrameworksBuildPhase section */

/* Begin PBXGroup section */
		BD7487E727A6A1F7008731B8 /* Global */ = {
			isa = PBXGroup;
			children = (
				BD7487E827A6A206008731B8 /* Button.swift */,
			);
			path = Global;
			sourceTree = "<group>";
		};
		BD7487F227A6EECB008731B8 /* DataFlow */ = {
			isa = PBXGroup;
			children = (
				BD7487F327A6EEFE008731B8 /* DataFlowExample.swift */,
			);
			path = DataFlow;
			sourceTree = "<group>";
		};
		BD7487F727AD5ED5008731B8 /* ThirdPartLib */ = {
			isa = PBXGroup;
			children = (
				BD7487F927AD5EFA008731B8 /* ThirdPartLibExample.swift */,
			);
			path = ThirdPartLib;
			sourceTree = "<group>";
		};
		BDCEF7CE279DA8EB008EAF50 = {
			isa = PBXGroup;
			children = (
				BDCEF7D3279DA8EC008EAF50 /* Shared */,
				BDCEF7E2279DA8ED008EAF50 /* macOS */,
				BDCEF7DC279DA8ED008EAF50 /* Products */,
			);
			sourceTree = "<group>";
		};
		BDCEF7D3279DA8EC008EAF50 /* Shared */ = {
			isa = PBXGroup;
			children = (
				BDCEF7F6279DA94F008EAF50 /* Views */,
				BD7487E727A6A1F7008731B8 /* Global */,
				BDCEF7F2279DA947008EAF50 /* Extension */,
				BDCEF7D4279DA8EC008EAF50 /* SwiftUITipApp.swift */,
				BDCEF7D5279DA8EC008EAF50 /* ContentView.swift */,
				BDCEF7D6279DA8ED008EAF50 /* Assets.xcassets */,
			);
			path = Shared;
			sourceTree = "<group>";
		};
		BDCEF7DC279DA8ED008EAF50 /* Products */ = {
			isa = PBXGroup;
			children = (
				BDCEF7DB279DA8ED008EAF50 /* SwiftUITip.app */,
				BDCEF7E1279DA8ED008EAF50 /* SwiftUITip.app */,
			);
			name = Products;
			sourceTree = "<group>";
		};
		BDCEF7E2279DA8ED008EAF50 /* macOS */ = {
			isa = PBXGroup;
			children = (
				BDCEF7E3279DA8ED008EAF50 /* macOS.entitlements */,
			);
			path = macOS;
			sourceTree = "<group>";
		};
		BDCEF7F2279DA947008EAF50 /* Extension */ = {
			isa = PBXGroup;
			children = (
				BDCEF7F3279DA947008EAF50 /* ColorExtension.swift */,
				BDC00A0127A1475F00B9C2DE /* ViewExtension.swift */,
			);
			path = Extension;
			sourceTree = "<group>";
		};
		BDCEF7F6279DA94F008EAF50 /* Views */ = {
			isa = PBXGroup;
			children = (
				BDCEF7F7279DA94F008EAF50 /* DataFlowSection.swift */,
				BDCEF7F9279DA94F008EAF50 /* ThirdPartLibSection.swift */,
				BDCEF7FA279DA94F008EAF50 /* SystemElementSection.swift */,
				BD7487F727AD5ED5008731B8 /* ThirdPartLib */,
				BDCEF7FB279DA94F008EAF50 /* SystemElement */,
				BD7487F227A6EECB008731B8 /* DataFlow */,
			);
			path = Views;
			sourceTree = "<group>";
		};
		BDCEF7FB279DA94F008EAF50 /* SystemElement */ = {
			isa = PBXGroup;
			children = (
				BDCEF7FC279DA94F008EAF50 /* BasicsElement.swift */,
				BDCEF7FD279DA94F008EAF50 /* LayoutElement.swift */,
				BD7487E127A44866008731B8 /* FunctionElement.swift */,
				BD7487E427A6843C008731B8 /* AnimateExample.swift */,
				BD7487EE27A6D963008731B8 /* LabExample.swift */,
			);
			path = SystemElement;
			sourceTree = "<group>";
		};
/* End PBXGroup section */

/* Begin PBXNativeTarget section */
		BDCEF7DA279DA8ED008EAF50 /* SwiftUITip (iOS) */ = {
			isa = PBXNativeTarget;
			buildConfigurationList = BDCEF7EC279DA8ED008EAF50 /* Build configuration list for PBXNativeTarget "SwiftUITip (iOS)" */;
			buildPhases = (
				BDCEF7D7279DA8ED008EAF50 /* Sources */,
				BDCEF7D8279DA8ED008EAF50 /* Frameworks */,
				BDCEF7D9279DA8ED008EAF50 /* Resources */,
			);
			buildRules = (
			);
			dependencies = (
			);
			name = "SwiftUITip (iOS)";
			productName = "SwiftUITip (iOS)";
			productReference = BDCEF7DB279DA8ED008EAF50 /* SwiftUITip.app */;
			productType = "com.apple.product-type.application";
		};
		BDCEF7E0279DA8ED008EAF50 /* SwiftUITip (macOS) */ = {
			isa = PBXNativeTarget;
			buildConfigurationList = BDCEF7EF279DA8ED008EAF50 /* Build configuration list for PBXNativeTarget "SwiftUITip (macOS)" */;
			buildPhases = (
				BDCEF7DD279DA8ED008EAF50 /* Sources */,
				BDCEF7DE279DA8ED008EAF50 /* Frameworks */,
				BDCEF7DF279DA8ED008EAF50 /* Resources */,
			);
			buildRules = (
			);
			dependencies = (
			);
			name = "SwiftUITip (macOS)";
			productName = "SwiftUITip (macOS)";
			productReference = BDCEF7E1279DA8ED008EAF50 /* SwiftUITip.app */;
			productType = "com.apple.product-type.application";
		};
/* End PBXNativeTarget section */

/* Begin PBXProject section */
		BDCEF7CF279DA8EB008EAF50 /* Project object */ = {
			isa = PBXProject;
			attributes = {
				BuildIndependentTargetsInParallel = 1;
				LastSwiftUpdateCheck = 1320;
				LastUpgradeCheck = 1320;
				TargetAttributes = {
					BDCEF7DA279DA8ED008EAF50 = {
						CreatedOnToolsVersion = 13.2.1;
					};
					BDCEF7E0279DA8ED008EAF50 = {
						CreatedOnToolsVersion = 13.2.1;
					};
				};
			};
			buildConfigurationList = BDCEF7D2279DA8EB008EAF50 /* Build configuration list for PBXProject "SwiftUITip" */;
			compatibilityVersion = "Xcode 13.0";
			developmentRegion = en;
			hasScannedForEncodings = 0;
			knownRegions = (
				en,
				Base,
			);
			mainGroup = BDCEF7CE279DA8EB008EAF50;
			productRefGroup = BDCEF7DC279DA8ED008EAF50 /* Products */;
			projectDirPath = "";
			projectRoot = "";
			targets = (
				BDCEF7DA279DA8ED008EAF50 /* SwiftUITip (iOS) */,
				BDCEF7E0279DA8ED008EAF50 /* SwiftUITip (macOS) */,
			);
		};
/* End PBXProject section */

/* Begin PBXResourcesBuildPhase section */
		BDCEF7D9279DA8ED008EAF50 /* Resources */ = {
			isa = PBXResourcesBuildPhase;
			buildActionMask = 2147483647;
			files = (
				BDCEF7E8279DA8ED008EAF50 /* Assets.xcassets in Resources */,
			);
			runOnlyForDeploymentPostprocessing = 0;
		};
		BDCEF7DF279DA8ED008EAF50 /* Resources */ = {
			isa = PBXResourcesBuildPhase;
			buildActionMask = 2147483647;
			files = (
				BDCEF7E9279DA8ED008EAF50 /* Assets.xcassets in Resources */,
			);
			runOnlyForDeploymentPostprocessing = 0;
		};
/* End PBXResourcesBuildPhase section */

/* Begin PBXSourcesBuildPhase section */
		BDCEF7D7279DA8ED008EAF50 /* Sources */ = {
			isa = PBXSourcesBuildPhase;
			buildActionMask = 2147483647;
			files = (
				BDCEF7F4279DA947008EAF50 /* ColorExtension.swift in Sources */,
				BDCEF7E6279DA8ED008EAF50 /* ContentView.swift in Sources */,
				BD7487FA27AD5EFA008731B8 /* ThirdPartLibExample.swift in Sources */,
				BD7487EF27A6D963008731B8 /* LabExample.swift in Sources */,
				BD7487E527A6843C008731B8 /* AnimateExample.swift in Sources */,
				BD7487E227A44866008731B8 /* FunctionElement.swift in Sources */,
				BDCEF808279DA94F008EAF50 /* LayoutElement.swift in Sources */,
				BDC00A0227A1475F00B9C2DE /* ViewExtension.swift in Sources */,
				BDCEF7FE279DA94F008EAF50 /* DataFlowSection.swift in Sources */,
				BDCEF7E4279DA8ED008EAF50 /* SwiftUITipApp.swift in Sources */,
				BDCEF806279DA94F008EAF50 /* BasicsElement.swift in Sources */,
				BD7487F427A6EEFE008731B8 /* DataFlowExample.swift in Sources */,
				BDCEF802279DA94F008EAF50 /* ThirdPartLibSection.swift in Sources */,
				BD7487E927A6A206008731B8 /* Button.swift in Sources */,
				BDCEF804279DA94F008EAF50 /* SystemElementSection.swift in Sources */,
			);
			runOnlyForDeploymentPostprocessing = 0;
		};
		BDCEF7DD279DA8ED008EAF50 /* Sources */ = {
			isa = PBXSourcesBuildPhase;
			buildActionMask = 2147483647;
			files = (
				BDCEF7F5279DA947008EAF50 /* ColorExtension.swift in Sources */,
				BDCEF7E7279DA8ED008EAF50 /* ContentView.swift in Sources */,
				BD7487F027A6D963008731B8 /* LabExample.swift in Sources */,
				BD7487E627A6843C008731B8 /* AnimateExample.swift in Sources */,
				BD7487E327A44866008731B8 /* FunctionElement.swift in Sources */,
				BDCEF809279DA94F008EAF50 /* LayoutElement.swift in Sources */,
				BDC00A0327A1475F00B9C2DE /* ViewExtension.swift in Sources */,
				BDCEF7FF279DA94F008EAF50 /* DataFlowSection.swift in Sources */,
				BDCEF7E5279DA8ED008EAF50 /* SwiftUITipApp.swift in Sources */,
				BDCEF807279DA94F008EAF50 /* BasicsElement.swift in Sources */,
				BD7487F527A6EEFE008731B8 /* DataFlowExample.swift in Sources */,
				BDCEF803279DA94F008EAF50 /* ThirdPartLibSection.swift in Sources */,
				BD7487EA27A6A206008731B8 /* Button.swift in Sources */,
				BDCEF805279DA94F008EAF50 /* SystemElementSection.swift in Sources */,
			);
			runOnlyForDeploymentPostprocessing = 0;
		};
/* End PBXSourcesBuildPhase section */

/* Begin XCBuildConfiguration section */
		BDCEF7EA279DA8ED008EAF50 /* Debug */ = {
			isa = XCBuildConfiguration;
			buildSettings = {
				ALWAYS_SEARCH_USER_PATHS = NO;
				CLANG_ANALYZER_NONNULL = YES;
				CLANG_ANALYZER_NUMBER_OBJECT_CONVERSION = YES_AGGRESSIVE;
				CLANG_CXX_LANGUAGE_STANDARD = "gnu++17";
				CLANG_CXX_LIBRARY = "libc++";
				CLANG_ENABLE_MODULES = YES;
				CLANG_ENABLE_OBJC_ARC = YES;
				CLANG_ENABLE_OBJC_WEAK = YES;
				CLANG_WARN_BLOCK_CAPTURE_AUTORELEASING = YES;
				CLANG_WARN_BOOL_CONVERSION = YES;
				CLANG_WARN_COMMA = YES;
				CLANG_WARN_CONSTANT_CONVERSION = YES;
				CLANG_WARN_DEPRECATED_OBJC_IMPLEMENTATIONS = YES;
				CLANG_WARN_DIRECT_OBJC_ISA_USAGE = YES_ERROR;
				CLANG_WARN_DOCUMENTATION_COMMENTS = YES;
				CLANG_WARN_EMPTY_BODY = YES;
				CLANG_WARN_ENUM_CONVERSION = YES;
				CLANG_WARN_INFINITE_RECURSION = YES;
				CLANG_WARN_INT_CONVERSION = YES;
				CLANG_WARN_NON_LITERAL_NULL_CONVERSION = YES;
				CLANG_WARN_OBJC_IMPLICIT_RETAIN_SELF = YES;
				CLANG_WARN_OBJC_LITERAL_CONVERSION = YES;
				CLANG_WARN_OBJC_ROOT_CLASS = YES_ERROR;
				CLANG_WARN_QUOTED_INCLUDE_IN_FRAMEWORK_HEADER = YES;
				CLANG_WARN_RANGE_LOOP_ANALYSIS = YES;
				CLANG_WARN_STRICT_PROTOTYPES = YES;
				CLANG_WARN_SUSPICIOUS_MOVE = YES;
				CLANG_WARN_UNGUARDED_AVAILABILITY = YES_AGGRESSIVE;
				CLANG_WARN_UNREACHABLE_CODE = YES;
				CLANG_WARN__DUPLICATE_METHOD_MATCH = YES;
				COPY_PHASE_STRIP = NO;
				DEBUG_INFORMATION_FORMAT = dwarf;
				ENABLE_STRICT_OBJC_MSGSEND = YES;
				ENABLE_TESTABILITY = YES;
				GCC_C_LANGUAGE_STANDARD = gnu11;
				GCC_DYNAMIC_NO_PIC = NO;
				GCC_NO_COMMON_BLOCKS = YES;
				GCC_OPTIMIZATION_LEVEL = 0;
				GCC_PREPROCESSOR_DEFINITIONS = (
					"DEBUG=1",
					"$(inherited)",
				);
				GCC_WARN_64_TO_32_BIT_CONVERSION = YES;
				GCC_WARN_ABOUT_RETURN_TYPE = YES_ERROR;
				GCC_WARN_UNDECLARED_SELECTOR = YES;
				GCC_WARN_UNINITIALIZED_AUTOS = YES_AGGRESSIVE;
				GCC_WARN_UNUSED_FUNCTION = YES;
				GCC_WARN_UNUSED_VARIABLE = YES;
				MTL_ENABLE_DEBUG_INFO = INCLUDE_SOURCE;
				MTL_FAST_MATH = YES;
				ONLY_ACTIVE_ARCH = YES;
				SWIFT_ACTIVE_COMPILATION_CONDITIONS = DEBUG;
				SWIFT_OPTIMIZATION_LEVEL = "-Onone";
			};
			name = Debug;
		};
		BDCEF7EB279DA8ED008EAF50 /* Release */ = {
			isa = XCBuildConfiguration;
			buildSettings = {
				ALWAYS_SEARCH_USER_PATHS = NO;
				CLANG_ANALYZER_NONNULL = YES;
				CLANG_ANALYZER_NUMBER_OBJECT_CONVERSION = YES_AGGRESSIVE;
				CLANG_CXX_LANGUAGE_STANDARD = "gnu++17";
				CLANG_CXX_LIBRARY = "libc++";
				CLANG_ENABLE_MODULES = YES;
				CLANG_ENABLE_OBJC_ARC = YES;
				CLANG_ENABLE_OBJC_WEAK = YES;
				CLANG_WARN_BLOCK_CAPTURE_AUTORELEASING = YES;
				CLANG_WARN_BOOL_CONVERSION = YES;
				CLANG_WARN_COMMA = YES;
				CLANG_WARN_CONSTANT_CONVERSION = YES;
				CLANG_WARN_DEPRECATED_OBJC_IMPLEMENTATIONS = YES;
				CLANG_WARN_DIRECT_OBJC_ISA_USAGE = YES_ERROR;
				CLANG_WARN_DOCUMENTATION_COMMENTS = YES;
				CLANG_WARN_EMPTY_BODY = YES;
				CLANG_WARN_ENUM_CONVERSION = YES;
				CLANG_WARN_INFINITE_RECURSION = YES;
				CLANG_WARN_INT_CONVERSION = YES;
				CLANG_WARN_NON_LITERAL_NULL_CONVERSION = YES;
				CLANG_WARN_OBJC_IMPLICIT_RETAIN_SELF = YES;
				CLANG_WARN_OBJC_LITERAL_CONVERSION = YES;
				CLANG_WARN_OBJC_ROOT_CLASS = YES_ERROR;
				CLANG_WARN_QUOTED_INCLUDE_IN_FRAMEWORK_HEADER = YES;
				CLANG_WARN_RANGE_LOOP_ANALYSIS = YES;
				CLANG_WARN_STRICT_PROTOTYPES = YES;
				CLANG_WARN_SUSPICIOUS_MOVE = YES;
				CLANG_WARN_UNGUARDED_AVAILABILITY = YES_AGGRESSIVE;
				CLANG_WARN_UNREACHABLE_CODE = YES;
				CLANG_WARN__DUPLICATE_METHOD_MATCH = YES;
				COPY_PHASE_STRIP = NO;
				DEBUG_INFORMATION_FORMAT = "dwarf-with-dsym";
				ENABLE_NS_ASSERTIONS = NO;
				ENABLE_STRICT_OBJC_MSGSEND = YES;
				GCC_C_LANGUAGE_STANDARD = gnu11;
				GCC_NO_COMMON_BLOCKS = YES;
				GCC_WARN_64_TO_32_BIT_CONVERSION = YES;
				GCC_WARN_ABOUT_RETURN_TYPE = YES_ERROR;
				GCC_WARN_UNDECLARED_SELECTOR = YES;
				GCC_WARN_UNINITIALIZED_AUTOS = YES_AGGRESSIVE;
				GCC_WARN_UNUSED_FUNCTION = YES;
				GCC_WARN_UNUSED_VARIABLE = YES;
				MTL_ENABLE_DEBUG_INFO = NO;
				MTL_FAST_MATH = YES;
				SWIFT_COMPILATION_MODE = wholemodule;
				SWIFT_OPTIMIZATION_LEVEL = "-O";
			};
			name = Release;
		};
		BDCEF7ED279DA8ED008EAF50 /* Debug */ = {
			isa = XCBuildConfiguration;
			buildSettings = {
				ASSETCATALOG_COMPILER_APPICON_NAME = AppIcon;
				ASSETCATALOG_COMPILER_GLOBAL_ACCENT_COLOR_NAME = AccentColor;
				CODE_SIGN_STYLE = Automatic;
				CURRENT_PROJECT_VERSION = 1;
				DEVELOPMENT_TEAM = 75Q47SWD7J;
				ENABLE_PREVIEWS = YES;
				GENERATE_INFOPLIST_FILE = YES;
				INFOPLIST_KEY_UIApplicationSceneManifest_Generation = YES;
				INFOPLIST_KEY_UIApplicationSupportsIndirectInputEvents = YES;
				INFOPLIST_KEY_UILaunchScreen_Generation = YES;
				INFOPLIST_KEY_UISupportedInterfaceOrientations_iPad = "UIInterfaceOrientationPortrait UIInterfaceOrientationPortraitUpsideDown UIInterfaceOrientationLandscapeLeft UIInterfaceOrientationLandscapeRight";
				INFOPLIST_KEY_UISupportedInterfaceOrientations_iPhone = "UIInterfaceOrientationPortrait UIInterfaceOrientationLandscapeLeft UIInterfaceOrientationLandscapeRight";
				IPHONEOS_DEPLOYMENT_TARGET = 15.2;
				LD_RUNPATH_SEARCH_PATHS = (
					"$(inherited)",
					"@executable_path/Frameworks",
				);
				MARKETING_VERSION = 1.0;
				PRODUCT_BUNDLE_IDENTIFIER = me.yaoning.SwiftUITip;
				PRODUCT_NAME = SwiftUITip;
				SDKROOT = iphoneos;
				SWIFT_EMIT_LOC_STRINGS = YES;
				SWIFT_VERSION = 5.0;
				TARGETED_DEVICE_FAMILY = "1,2";
			};
			name = Debug;
		};
		BDCEF7EE279DA8ED008EAF50 /* Release */ = {
			isa = XCBuildConfiguration;
			buildSettings = {
				ASSETCATALOG_COMPILER_APPICON_NAME = AppIcon;
				ASSETCATALOG_COMPILER_GLOBAL_ACCENT_COLOR_NAME = AccentColor;
				CODE_SIGN_STYLE = Automatic;
				CURRENT_PROJECT_VERSION = 1;
				DEVELOPMENT_TEAM = 75Q47SWD7J;
				ENABLE_PREVIEWS = YES;
				GENERATE_INFOPLIST_FILE = YES;
				INFOPLIST_KEY_UIApplicationSceneManifest_Generation = YES;
				INFOPLIST_KEY_UIApplicationSupportsIndirectInputEvents = YES;
				INFOPLIST_KEY_UILaunchScreen_Generation = YES;
				INFOPLIST_KEY_UISupportedInterfaceOrientations_iPad = "UIInterfaceOrientationPortrait UIInterfaceOrientationPortraitUpsideDown UIInterfaceOrientationLandscapeLeft UIInterfaceOrientationLandscapeRight";
				INFOPLIST_KEY_UISupportedInterfaceOrientations_iPhone = "UIInterfaceOrientationPortrait UIInterfaceOrientationLandscapeLeft UIInterfaceOrientationLandscapeRight";
				IPHONEOS_DEPLOYMENT_TARGET = 15.2;
				LD_RUNPATH_SEARCH_PATHS = (
					"$(inherited)",
					"@executable_path/Frameworks",
				);
				MARKETING_VERSION = 1.0;
				PRODUCT_BUNDLE_IDENTIFIER = me.yaoning.SwiftUITip;
				PRODUCT_NAME = SwiftUITip;
				SDKROOT = iphoneos;
				SWIFT_EMIT_LOC_STRINGS = YES;
				SWIFT_VERSION = 5.0;
				TARGETED_DEVICE_FAMILY = "1,2";
				VALIDATE_PRODUCT = YES;
			};
			name = Release;
		};
		BDCEF7F0279DA8ED008EAF50 /* Debug */ = {
			isa = XCBuildConfiguration;
			buildSettings = {
				ASSETCATALOG_COMPILER_APPICON_NAME = AppIcon;
				ASSETCATALOG_COMPILER_GLOBAL_ACCENT_COLOR_NAME = AccentColor;
				CODE_SIGN_ENTITLEMENTS = macOS/macOS.entitlements;
				CODE_SIGN_STYLE = Automatic;
				COMBINE_HIDPI_IMAGES = YES;
				CURRENT_PROJECT_VERSION = 1;
				ENABLE_PREVIEWS = YES;
				GENERATE_INFOPLIST_FILE = YES;
				INFOPLIST_KEY_NSHumanReadableCopyright = "";
				LD_RUNPATH_SEARCH_PATHS = (
					"$(inherited)",
					"@executable_path/../Frameworks",
				);
				MACOSX_DEPLOYMENT_TARGET = 12.1;
				MARKETING_VERSION = 1.0;
				PRODUCT_BUNDLE_IDENTIFIER = me.yaoning.SwiftUITip;
				PRODUCT_NAME = SwiftUITip;
				SDKROOT = macosx;
				SWIFT_EMIT_LOC_STRINGS = YES;
				SWIFT_VERSION = 5.0;
			};
			name = Debug;
		};
		BDCEF7F1279DA8ED008EAF50 /* Release */ = {
			isa = XCBuildConfiguration;
			buildSettings = {
				ASSETCATALOG_COMPILER_APPICON_NAME = AppIcon;
				ASSETCATALOG_COMPILER_GLOBAL_ACCENT_COLOR_NAME = AccentColor;
				CODE_SIGN_ENTITLEMENTS = macOS/macOS.entitlements;
				CODE_SIGN_STYLE = Automatic;
				COMBINE_HIDPI_IMAGES = YES;
				CURRENT_PROJECT_VERSION = 1;
				ENABLE_PREVIEWS = YES;
				GENERATE_INFOPLIST_FILE = YES;
				INFOPLIST_KEY_NSHumanReadableCopyright = "";
				LD_RUNPATH_SEARCH_PATHS = (
					"$(inherited)",
					"@executable_path/../Frameworks",
				);
				MACOSX_DEPLOYMENT_TARGET = 12.1;
				MARKETING_VERSION = 1.0;
				PRODUCT_BUNDLE_IDENTIFIER = me.yaoning.SwiftUITip;
				PRODUCT_NAME = SwiftUITip;
				SDKROOT = macosx;
				SWIFT_EMIT_LOC_STRINGS = YES;
				SWIFT_VERSION = 5.0;
			};
			name = Release;
		};
/* End XCBuildConfiguration section */

/* Begin XCConfigurationList section */
		BDCEF7D2279DA8EB008EAF50 /* Build configuration list for PBXProject "SwiftUITip" */ = {
			isa = XCConfigurationList;
			buildConfigurations = (
				BDCEF7EA279DA8ED008EAF50 /* Debug */,
				BDCEF7EB279DA8ED008EAF50 /* Release */,
			);
			defaultConfigurationIsVisible = 0;
			defaultConfigurationName = Release;
		};
		BDCEF7EC279DA8ED008EAF50 /* Build configuration list for PBXNativeTarget "SwiftUITip (iOS)" */ = {
			isa = XCConfigurationList;
			buildConfigurations = (
				BDCEF7ED279DA8ED008EAF50 /* Debug */,
				BDCEF7EE279DA8ED008EAF50 /* Release */,
			);
			defaultConfigurationIsVisible = 0;
			defaultConfigurationName = Release;
		};
		BDCEF7EF279DA8ED008EAF50 /* Build configuration list for PBXNativeTarget "SwiftUITip (macOS)" */ = {
			isa = XCConfigurationList;
			buildConfigurations = (
				BDCEF7F0279DA8ED008EAF50 /* Debug */,
				BDCEF7F1279DA8ED008EAF50 /* Release */,
			);
			defaultConfigurationIsVisible = 0;
			defaultConfigurationName = Release;
		};
/* End XCConfigurationList section */
	};
	rootObject = BDCEF7CF279DA8EB008EAF50 /* Project object */;
}
