// !$*UTF8*$!
{
	archiveVersion = 1;
	classes = {
	};
	objectVersion = 55;
	objects = {

/* Begin PBXBuildFile section */
		BD2392A32786EA70006221D3 /* ObserverTest.swift in Sources */ = {isa = PBXBuildFile; fileRef = BD2392A22786EA70006221D3 /* ObserverTest.swift */; };
		BD44EB33278C2B62008AAAC9 /* SystemElement.swift in Sources */ = {isa = PBXBuildFile; fileRef = BD44EB32278C2B62008AAAC9 /* SystemElement.swift */; };
		BD44EB35278C2B76008AAAC9 /* Tab2.swift in Sources */ = {isa = PBXBuildFile; fileRef = BD44EB34278C2B76008AAAC9 /* Tab2.swift */; };
		BD565F5C2786D593006AE9AA /* SwiftUITipApp.swift in Sources */ = {isa = PBXBuildFile; fileRef = BD565F5B2786D593006AE9AA /* SwiftUITipApp.swift */; };
		BD565F5E2786D593006AE9AA /* ContentView.swift in Sources */ = {isa = PBXBuildFile; fileRef = BD565F5D2786D593006AE9AA /* ContentView.swift */; };
		BD565F602786D594006AE9AA /* Assets.xcassets in Resources */ = {isa = PBXBuildFile; fileRef = BD565F5F2786D594006AE9AA /* Assets.xcassets */; };
		BD565F632786D594006AE9AA /* Preview Assets.xcassets in Resources */ = {isa = PBXBuildFile; fileRef = BD565F622786D594006AE9AA /* Preview Assets.xcassets */; };
		BD6AD85E278EB5B700F1FE90 /* Tab3.swift in Sources */ = {isa = PBXBuildFile; fileRef = BD6AD85D278EB5B700F1FE90 /* Tab3.swift */; };
		BD6AD862278EB6DF00F1FE90 /* Tab1Nav1.swift in Sources */ = {isa = PBXBuildFile; fileRef = BD6AD861278EB6DF00F1FE90 /* Tab1Nav1.swift */; };
		BDCEF7A8279BC622008EAF50 /* LayoutElement.swift in Sources */ = {isa = PBXBuildFile; fileRef = BDCEF7A7279BC622008EAF50 /* LayoutElement.swift */; };
		BDCEF7AB279D99FE008EAF50 /* ColorExtension.swift in Sources */ = {isa = PBXBuildFile; fileRef = BDCEF7AA279D99FE008EAF50 /* ColorExtension.swift */; };
		BDEBEBCD2796716E00720EDC /* BasicsElement.swift in Sources */ = {isa = PBXBuildFile; fileRef = BDEBEBCC2796716E00720EDC /* BasicsElement.swift */; };
/* End PBXBuildFile section */

/* Begin PBXFileReference section */
		BD2392A22786EA70006221D3 /* ObserverTest.swift */ = {isa = PBXFileReference; lastKnownFileType = sourcecode.swift; path = ObserverTest.swift; sourceTree = "<group>"; };
		BD44EB32278C2B62008AAAC9 /* SystemElement.swift */ = {isa = PBXFileReference; lastKnownFileType = sourcecode.swift; path = SystemElement.swift; sourceTree = "<group>"; };
		BD44EB34278C2B76008AAAC9 /* Tab2.swift */ = {isa = PBXFileReference; lastKnownFileType = sourcecode.swift; path = Tab2.swift; sourceTree = "<group>"; };
		BD565F582786D593006AE9AA /* SwiftUITip.app */ = {isa = PBXFileReference; explicitFileType = wrapper.application; includeInIndex = 0; path = SwiftUITip.app; sourceTree = BUILT_PRODUCTS_DIR; };
		BD565F5B2786D593006AE9AA /* SwiftUITipApp.swift */ = {isa = PBXFileReference; lastKnownFileType = sourcecode.swift; path = SwiftUITipApp.swift; sourceTree = "<group>"; };
		BD565F5D2786D593006AE9AA /* ContentView.swift */ = {isa = PBXFileReference; lastKnownFileType = sourcecode.swift; path = ContentView.swift; sourceTree = "<group>"; };
		BD565F5F2786D594006AE9AA /* Assets.xcassets */ = {isa = PBXFileReference; lastKnownFileType = folder.assetcatalog; path = Assets.xcassets; sourceTree = "<group>"; };
		BD565F622786D594006AE9AA /* Preview Assets.xcassets */ = {isa = PBXFileReference; lastKnownFileType = folder.assetcatalog; path = "Preview Assets.xcassets"; sourceTree = "<group>"; };
		BD565F642786D594006AE9AA /* SwiftUITip.entitlements */ = {isa = PBXFileReference; lastKnownFileType = text.plist.entitlements; path = SwiftUITip.entitlements; sourceTree = "<group>"; };
		BD6AD85D278EB5B700F1FE90 /* Tab3.swift */ = {isa = PBXFileReference; lastKnownFileType = sourcecode.swift; path = Tab3.swift; sourceTree = "<group>"; };
		BD6AD861278EB6DF00F1FE90 /* Tab1Nav1.swift */ = {isa = PBXFileReference; lastKnownFileType = sourcecode.swift; path = Tab1Nav1.swift; sourceTree = "<group>"; };
		BDCEF7A7279BC622008EAF50 /* LayoutElement.swift */ = {isa = PBXFileReference; lastKnownFileType = sourcecode.swift; path = LayoutElement.swift; sourceTree = "<group>"; };
		BDCEF7AA279D99FE008EAF50 /* ColorExtension.swift */ = {isa = PBXFileReference; lastKnownFileType = sourcecode.swift; path = ColorExtension.swift; sourceTree = "<group>"; };
		BDEBEBCC2796716E00720EDC /* BasicsElement.swift */ = {isa = PBXFileReference; lastKnownFileType = sourcecode.swift; path = BasicsElement.swift; sourceTree = "<group>"; };
/* End PBXFileReference section */

/* Begin PBXFrameworksBuildPhase section */
		BD565F552786D593006AE9AA /* Frameworks */ = {
			isa = PBXFrameworksBuildPhase;
			buildActionMask = 2147483647;
			files = (
			);
			runOnlyForDeploymentPostprocessing = 0;
		};
/* End PBXFrameworksBuildPhase section */

/* Begin PBXGroup section */
		BD44EB31278C1528008AAAC9 /* Views */ = {
			isa = PBXGroup;
			children = (
				BDEBEBCB2796704500720EDC /* SystemElement */,
				BD44EB32278C2B62008AAAC9 /* SystemElement.swift */,
				BD44EB34278C2B76008AAAC9 /* Tab2.swift */,
				BD6AD85D278EB5B700F1FE90 /* Tab3.swift */,
				BD6AD861278EB6DF00F1FE90 /* Tab1Nav1.swift */,
			);
			path = Views;
			sourceTree = "<group>";
		};
		BD565F4F2786D593006AE9AA = {
			isa = PBXGroup;
			children = (
				BD565F5A2786D593006AE9AA /* SwiftUITip */,
				BD565F592786D593006AE9AA /* Products */,
			);
			sourceTree = "<group>";
		};
		BD565F592786D593006AE9AA /* Products */ = {
			isa = PBXGroup;
			children = (
				BD565F582786D593006AE9AA /* SwiftUITip.app */,
			);
			name = Products;
			sourceTree = "<group>";
		};
		BD565F5A2786D593006AE9AA /* SwiftUITip */ = {
			isa = PBXGroup;
			children = (
				BDCEF7A9279D99B3008EAF50 /* Extension */,
				BD44EB31278C1528008AAAC9 /* Views */,
				BD565F5B2786D593006AE9AA /* SwiftUITipApp.swift */,
				BD565F5D2786D593006AE9AA /* ContentView.swift */,
				BD565F5F2786D594006AE9AA /* Assets.xcassets */,
				BD565F642786D594006AE9AA /* SwiftUITip.entitlements */,
				BD565F612786D594006AE9AA /* Preview Content */,
				BD2392A22786EA70006221D3 /* ObserverTest.swift */,
			);
			path = SwiftUITip;
			sourceTree = "<group>";
		};
		BD565F612786D594006AE9AA /* Preview Content */ = {
			isa = PBXGroup;
			children = (
				BD565F622786D594006AE9AA /* Preview Assets.xcassets */,
			);
			path = "Preview Content";
			sourceTree = "<group>";
		};
		BDCEF7A9279D99B3008EAF50 /* Extension */ = {
			isa = PBXGroup;
			children = (
				BDCEF7AA279D99FE008EAF50 /* ColorExtension.swift */,
			);
			path = Extension;
			sourceTree = "<group>";
		};
		BDEBEBCB2796704500720EDC /* SystemElement */ = {
			isa = PBXGroup;
			children = (
				BDEBEBCC2796716E00720EDC /* BasicsElement.swift */,
				BDCEF7A7279BC622008EAF50 /* LayoutElement.swift */,
			);
			path = SystemElement;
			sourceTree = "<group>";
		};
/* End PBXGroup section */

/* Begin PBXNativeTarget section */
		BD565F572786D593006AE9AA /* SwiftUITip */ = {
			isa = PBXNativeTarget;
			buildConfigurationList = BD565F672786D594006AE9AA /* Build configuration list for PBXNativeTarget "SwiftUITip" */;
			buildPhases = (
				BD565F542786D593006AE9AA /* Sources */,
				BD565F552786D593006AE9AA /* Frameworks */,
				BD565F562786D593006AE9AA /* Resources */,
			);
			buildRules = (
			);
			dependencies = (
			);
			name = SwiftUITip;
			productName = SwiftUITip;
			productReference = BD565F582786D593006AE9AA /* SwiftUITip.app */;
			productType = "com.apple.product-type.application";
		};
/* End PBXNativeTarget section */

/* Begin PBXProject section */
		BD565F502786D593006AE9AA /* Project object */ = {
			isa = PBXProject;
			attributes = {
				BuildIndependentTargetsInParallel = 1;
				LastSwiftUpdateCheck = 1320;
				LastUpgradeCheck = 1320;
				TargetAttributes = {
					BD565F572786D593006AE9AA = {
						CreatedOnToolsVersion = 13.2;
					};
				};
			};
			buildConfigurationList = BD565F532786D593006AE9AA /* Build configuration list for PBXProject "SwiftUITip" */;
			compatibilityVersion = "Xcode 13.0";
			developmentRegion = en;
			hasScannedForEncodings = 0;
			knownRegions = (
				en,
				Base,
			);
			mainGroup = BD565F4F2786D593006AE9AA;
			productRefGroup = BD565F592786D593006AE9AA /* Products */;
			projectDirPath = "";
			projectRoot = "";
			targets = (
				BD565F572786D593006AE9AA /* SwiftUITip */,
			);
		};
/* End PBXProject section */

/* Begin PBXResourcesBuildPhase section */
		BD565F562786D593006AE9AA /* Resources */ = {
			isa = PBXResourcesBuildPhase;
			buildActionMask = 2147483647;
			files = (
				BD565F632786D594006AE9AA /* Preview Assets.xcassets in Resources */,
				BD565F602786D594006AE9AA /* Assets.xcassets in Resources */,
			);
			runOnlyForDeploymentPostprocessing = 0;
		};
/* End PBXResourcesBuildPhase section */

/* Begin PBXSourcesBuildPhase section */
		BD565F542786D593006AE9AA /* Sources */ = {
			isa = PBXSourcesBuildPhase;
			buildActionMask = 2147483647;
			files = (
				BD565F5E2786D593006AE9AA /* ContentView.swift in Sources */,
				BD2392A32786EA70006221D3 /* ObserverTest.swift in Sources */,
				BD565F5C2786D593006AE9AA /* SwiftUITipApp.swift in Sources */,
				BDCEF7A8279BC622008EAF50 /* LayoutElement.swift in Sources */,
				BD44EB33278C2B62008AAAC9 /* SystemElement.swift in Sources */,
				BD44EB35278C2B76008AAAC9 /* Tab2.swift in Sources */,
				BDEBEBCD2796716E00720EDC /* BasicsElement.swift in Sources */,
				BD6AD862278EB6DF00F1FE90 /* Tab1Nav1.swift in Sources */,
				BD6AD85E278EB5B700F1FE90 /* Tab3.swift in Sources */,
				BDCEF7AB279D99FE008EAF50 /* ColorExtension.swift in Sources */,
			);
			runOnlyForDeploymentPostprocessing = 0;
		};
/* End PBXSourcesBuildPhase section */

/* Begin XCBuildConfiguration section */
		BD565F652786D594006AE9AA /* Debug */ = {
			isa = XCBuildConfiguration;
			buildSettings = {
				ALWAYS_SEARCH_USER_PATHS = NO;
				CLANG_ANALYZER_NONNULL = YES;
				CLANG_ANALYZER_NUMBER_OBJECT_CONVERSION = YES_AGGRESSIVE;
				CLANG_CXX_LANGUAGE_STANDARD = "gnu++17";
				CLANG_CXX_LIBRARY = "libc++";
				CLANG_ENABLE_MODULES = YES;
				CLANG_ENABLE_OBJC_ARC = YES;
				CLANG_ENABLE_OBJC_WEAK = YES;
				CLANG_WARN_BLOCK_CAPTURE_AUTORELEASING = YES;
				CLANG_WARN_BOOL_CONVERSION = YES;
				CLANG_WARN_COMMA = YES;
				CLANG_WARN_CONSTANT_CONVERSION = YES;
				CLANG_WARN_DEPRECATED_OBJC_IMPLEMENTATIONS = YES;
				CLANG_WARN_DIRECT_OBJC_ISA_USAGE = YES_ERROR;
				CLANG_WARN_DOCUMENTATION_COMMENTS = YES;
				CLANG_WARN_EMPTY_BODY = YES;
				CLANG_WARN_ENUM_CONVERSION = YES;
				CLANG_WARN_INFINITE_RECURSION = YES;
				CLANG_WARN_INT_CONVERSION = YES;
				CLANG_WARN_NON_LITERAL_NULL_CONVERSION = YES;
				CLANG_WARN_OBJC_IMPLICIT_RETAIN_SELF = YES;
				CLANG_WARN_OBJC_LITERAL_CONVERSION = YES;
				CLANG_WARN_OBJC_ROOT_CLASS = YES_ERROR;
				CLANG_WARN_QUOTED_INCLUDE_IN_FRAMEWORK_HEADER = YES;
				CLANG_WARN_RANGE_LOOP_ANALYSIS = YES;
				CLANG_WARN_STRICT_PROTOTYPES = YES;
				CLANG_WARN_SUSPICIOUS_MOVE = YES;
				CLANG_WARN_UNGUARDED_AVAILABILITY = YES_AGGRESSIVE;
				CLANG_WARN_UNREACHABLE_CODE = YES;
				CLANG_WARN__DUPLICATE_METHOD_MATCH = YES;
				COPY_PHASE_STRIP = NO;
				DEBUG_INFORMATION_FORMAT = dwarf;
				ENABLE_STRICT_OBJC_MSGSEND = YES;
				ENABLE_TESTABILITY = YES;
				GCC_C_LANGUAGE_STANDARD = gnu11;
				GCC_DYNAMIC_NO_PIC = NO;
				GCC_NO_COMMON_BLOCKS = YES;
				GCC_OPTIMIZATION_LEVEL = 0;
				GCC_PREPROCESSOR_DEFINITIONS = (
					"DEBUG=1",
					"$(inherited)",
				);
				GCC_WARN_64_TO_32_BIT_CONVERSION = YES;
				GCC_WARN_ABOUT_RETURN_TYPE = YES_ERROR;
				GCC_WARN_UNDECLARED_SELECTOR = YES;
				GCC_WARN_UNINITIALIZED_AUTOS = YES_AGGRESSIVE;
				GCC_WARN_UNUSED_FUNCTION = YES;
				GCC_WARN_UNUSED_VARIABLE = YES;
				MACOSX_DEPLOYMENT_TARGET = 12.0;
				MTL_ENABLE_DEBUG_INFO = INCLUDE_SOURCE;
				MTL_FAST_MATH = YES;
				ONLY_ACTIVE_ARCH = YES;
				SDKROOT = macosx;
				SWIFT_ACTIVE_COMPILATION_CONDITIONS = DEBUG;
				SWIFT_OPTIMIZATION_LEVEL = "-Onone";
			};
			name = Debug;
		};
		BD565F662786D594006AE9AA /* Release */ = {
			isa = XCBuildConfiguration;
			buildSettings = {
				ALWAYS_SEARCH_USER_PATHS = NO;
				CLANG_ANALYZER_NONNULL = YES;
				CLANG_ANALYZER_NUMBER_OBJECT_CONVERSION = YES_AGGRESSIVE;
				CLANG_CXX_LANGUAGE_STANDARD = "gnu++17";
				CLANG_CXX_LIBRARY = "libc++";
				CLANG_ENABLE_MODULES = YES;
				CLANG_ENABLE_OBJC_ARC = YES;
				CLANG_ENABLE_OBJC_WEAK = YES;
				CLANG_WARN_BLOCK_CAPTURE_AUTORELEASING = YES;
				CLANG_WARN_BOOL_CONVERSION = YES;
				CLANG_WARN_COMMA = YES;
				CLANG_WARN_CONSTANT_CONVERSION = YES;
				CLANG_WARN_DEPRECATED_OBJC_IMPLEMENTATIONS = YES;
				CLANG_WARN_DIRECT_OBJC_ISA_USAGE = YES_ERROR;
				CLANG_WARN_DOCUMENTATION_COMMENTS = YES;
				CLANG_WARN_EMPTY_BODY = YES;
				CLANG_WARN_ENUM_CONVERSION = YES;
				CLANG_WARN_INFINITE_RECURSION = YES;
				CLANG_WARN_INT_CONVERSION = YES;
				CLANG_WARN_NON_LITERAL_NULL_CONVERSION = YES;
				CLANG_WARN_OBJC_IMPLICIT_RETAIN_SELF = YES;
				CLANG_WARN_OBJC_LITERAL_CONVERSION = YES;
				CLANG_WARN_OBJC_ROOT_CLASS = YES_ERROR;
				CLANG_WARN_QUOTED_INCLUDE_IN_FRAMEWORK_HEADER = YES;
				CLANG_WARN_RANGE_LOOP_ANALYSIS = YES;
				CLANG_WARN_STRICT_PROTOTYPES = YES;
				CLANG_WARN_SUSPICIOUS_MOVE = YES;
				CLANG_WARN_UNGUARDED_AVAILABILITY = YES_AGGRESSIVE;
				CLANG_WARN_UNREACHABLE_CODE = YES;
				CLANG_WARN__DUPLICATE_METHOD_MATCH = YES;
				COPY_PHASE_STRIP = NO;
				DEBUG_INFORMATION_FORMAT = "dwarf-with-dsym";
				ENABLE_NS_ASSERTIONS = NO;
				ENABLE_STRICT_OBJC_MSGSEND = YES;
				GCC_C_LANGUAGE_STANDARD = gnu11;
				GCC_NO_COMMON_BLOCKS = YES;
				GCC_WARN_64_TO_32_BIT_CONVERSION = YES;
				GCC_WARN_ABOUT_RETURN_TYPE = YES_ERROR;
				GCC_WARN_UNDECLARED_SELECTOR = YES;
				GCC_WARN_UNINITIALIZED_AUTOS = YES_AGGRESSIVE;
				GCC_WARN_UNUSED_FUNCTION = YES;
				GCC_WARN_UNUSED_VARIABLE = YES;
				MACOSX_DEPLOYMENT_TARGET = 12.0;
				MTL_ENABLE_DEBUG_INFO = NO;
				MTL_FAST_MATH = YES;
				SDKROOT = macosx;
				SWIFT_COMPILATION_MODE = wholemodule;
				SWIFT_OPTIMIZATION_LEVEL = "-O";
			};
			name = Release;
		};
		BD565F682786D594006AE9AA /* Debug */ = {
			isa = XCBuildConfiguration;
			buildSettings = {
				ASSETCATALOG_COMPILER_APPICON_NAME = AppIcon;
				ASSETCATALOG_COMPILER_GLOBAL_ACCENT_COLOR_NAME = AccentColor;
				CODE_SIGN_ENTITLEMENTS = SwiftUITip/SwiftUITip.entitlements;
				CODE_SIGN_STYLE = Automatic;
				COMBINE_HIDPI_IMAGES = YES;
				CURRENT_PROJECT_VERSION = 1;
				DEVELOPMENT_ASSET_PATHS = "\"SwiftUITip/Preview Content\"";
				DEVELOPMENT_TEAM = 75Q47SWD7J;
				ENABLE_HARDENED_RUNTIME = YES;
				ENABLE_PREVIEWS = YES;
				GENERATE_INFOPLIST_FILE = YES;
				INFOPLIST_KEY_NSHumanReadableCopyright = "";
				LD_RUNPATH_SEARCH_PATHS = (
					"$(inherited)",
					"@executable_path/../Frameworks",
				);
				MARKETING_VERSION = 1.0;
				PRODUCT_BUNDLE_IDENTIFIER = me.yaoning.SwiftUITip;
				PRODUCT_NAME = "$(TARGET_NAME)";
				SWIFT_EMIT_LOC_STRINGS = YES;
				SWIFT_VERSION = 5.0;
			};
			name = Debug;
		};
		BD565F692786D594006AE9AA /* Release */ = {
			isa = XCBuildConfiguration;
			buildSettings = {
				ASSETCATALOG_COMPILER_APPICON_NAME = AppIcon;
				ASSETCATALOG_COMPILER_GLOBAL_ACCENT_COLOR_NAME = AccentColor;
				CODE_SIGN_ENTITLEMENTS = SwiftUITip/SwiftUITip.entitlements;
				CODE_SIGN_STYLE = Automatic;
				COMBINE_HIDPI_IMAGES = YES;
				CURRENT_PROJECT_VERSION = 1;
				DEVELOPMENT_ASSET_PATHS = "\"SwiftUITip/Preview Content\"";
				DEVELOPMENT_TEAM = 75Q47SWD7J;
				ENABLE_HARDENED_RUNTIME = YES;
				ENABLE_PREVIEWS = YES;
				GENERATE_INFOPLIST_FILE = YES;
				INFOPLIST_KEY_NSHumanReadableCopyright = "";
				LD_RUNPATH_SEARCH_PATHS = (
					"$(inherited)",
					"@executable_path/../Frameworks",
				);
				MARKETING_VERSION = 1.0;
				PRODUCT_BUNDLE_IDENTIFIER = me.yaoning.SwiftUITip;
				PRODUCT_NAME = "$(TARGET_NAME)";
				SWIFT_EMIT_LOC_STRINGS = YES;
				SWIFT_VERSION = 5.0;
			};
			name = Release;
		};
/* End XCBuildConfiguration section */

/* Begin XCConfigurationList section */
		BD565F532786D593006AE9AA /* Build configuration list for PBXProject "SwiftUITip" */ = {
			isa = XCConfigurationList;
			buildConfigurations = (
				BD565F652786D594006AE9AA /* Debug */,
				BD565F662786D594006AE9AA /* Release */,
			);
			defaultConfigurationIsVisible = 0;
			defaultConfigurationName = Release;
		};
		BD565F672786D594006AE9AA /* Build configuration list for PBXNativeTarget "SwiftUITip" */ = {
			isa = XCConfigurationList;
			buildConfigurations = (
				BD565F682786D594006AE9AA /* Debug */,
				BD565F692786D594006AE9AA /* Release */,
			);
			defaultConfigurationIsVisible = 0;
			defaultConfigurationName = Release;
		};
/* End XCConfigurationList section */
	};
	rootObject = BD565F502786D593006AE9AA /* Project object */;
}
